
Microsoft Visual Studio Solution File, Format Version 12.00
# Visual Studio 14
VisualStudioVersion = 14.0.25420.1
MinimumVisualStudioVersion = 10.0.40219.1
Project("{FAE04EC0-301F-11D3-BF4B-00C04F79EFBC}") = "PT", "PT\PT.csproj", "{35ECCB8D-8DF1-4D7F-B639-7CD7373F72A4}"
EndProject
Project("{FAE04EC0-301F-11D3-BF4B-00C04F79EFBC}") = "PTT", "PTT\PTT.csproj", "{C3F9899C-CF6C-4A5C-B594-5E5F4D8A6747}"
EndProject
Project("{FAE04EC0-301F-11D3-BF4B-00C04F79EFBC}") = "PTAC", "PTAC\PTAC.csproj", "{122E0B38-65AA-4202-8DEA-F0558D6E2CE0}"
EndProject
Global
	GlobalSection(SolutionConfigurationPlatforms) = preSolution
		Debug|Any CPU = Debug|Any CPU
		Release|Any CPU = Release|Any CPU
	EndGlobalSection
	GlobalSection(ProjectConfigurationPlatforms) = postSolution
		{35ECCB8D-8DF1-4D7F-B639-7CD7373F72A4}.Debug|Any CPU.ActiveCfg = Debug|Any CPU
		{35ECCB8D-8DF1-4D7F-B639-7CD7373F72A4}.Debug|Any CPU.Build.0 = Debug|Any CPU
		{35ECCB8D-8DF1-4D7F-B639-7CD7373F72A4}.Release|Any CPU.ActiveCfg = Release|Any CPU
		{35ECCB8D-8DF1-4D7F-B639-7CD7373F72A4}.Release|Any CPU.Build.0 = Release|Any CPU
		{C3F9899C-CF6C-4A5C-B594-5E5F4D8A6747}.Debug|Any CPU.ActiveCfg = Debug|Any CPU
		{C3F9899C-CF6C-4A5C-B594-5E5F4D8A6747}.Debug|Any CPU.Build.0 = Debug|Any CPU
		{C3F9899C-CF6C-4A5C-B594-5E5F4D8A6747}.Release|Any CPU.ActiveCfg = Release|Any CPU
		{C3F9899C-CF6C-4A5C-B594-5E5F4D8A6747}.Release|Any CPU.Build.0 = Release|Any CPU
		{122E0B38-65AA-4202-8DEA-F0558D6E2CE0}.Debug|Any CPU.ActiveCfg = Debug|Any CPU
		{122E0B38-65AA-4202-8DEA-F0558D6E2CE0}.Debug|Any CPU.Build.0 = Debug|Any CPU
		{122E0B38-65AA-4202-8DEA-F0558D6E2CE0}.Release|Any CPU.ActiveCfg = Release|Any CPU
		{122E0B38-65AA-4202-8DEA-F0558D6E2CE0}.Release|Any CPU.Build.0 = Release|Any CPU
	EndGlobalSection
	GlobalSection(SolutionProperties) = preSolution
		HideSolutionNode = FALSE
	EndGlobalSection
EndGlobal
